PODS:
  - libwebp (1.5.0):
    - libwebp/demux (= 1.5.0)
    - libwebp/mux (= 1.5.0)
    - libwebp/sharpyuv (= 1.5.0)
    - libwebp/webp (= 1.5.0)
  - libwebp/demux (1.5.0):
    - libwebp/webp
  - libwebp/mux (1.5.0):
    - libwebp/demux
  - libwebp/sharpyuv (1.5.0)
  - libwebp/webp (1.5.0):
    - libwebp/sharpyuv
  - Lynx (3.2.0-rc.1):
    - Lynx/Framework (= 3.2.0-rc.1)
  - Lynx/Framework (3.2.0-rc.1):
    - Lynx/ReleaseResource
    - PrimJS/napi/env
    - PrimJS/napi/jsc
    - PrimJS/napi/quickjs
    - PrimJS/quickjs
  - Lynx/ReleaseResource (3.2.0-rc.1)
  - LynxService/Http (3.2.0-rc.1):
    - Lynx (= 3.2.0-rc.1)
  - LynxService/Image (3.2.0-rc.1):
    - Lynx (= 3.2.0-rc.1)
    - SDWebImage (= 5.15.5)
    - SDWebImageWebPCoder (= 0.11.0)
  - LynxService/Log (3.2.0-rc.1):
    - Lynx (= 3.2.0-rc.1)
  - PrimJS/log (2.11.1-rc.5)
  - PrimJS/napi (2.11.1-rc.5):
    - PrimJS/napi/core (= 2.11.1-rc.5)
    - PrimJS/napi/env (= 2.11.1-rc.5)
    - PrimJS/napi/jsc (= 2.11.1-rc.5)
    - PrimJS/napi/quickjs (= 2.11.1-rc.5)
  - PrimJS/napi/core (2.11.1-rc.5)
  - PrimJS/napi/env (2.11.1-rc.5):
    - PrimJS/napi/core
  - PrimJS/napi/jsc (2.11.1-rc.5):
    - PrimJS/log
    - PrimJS/napi/core
    - PrimJS/quickjs
  - PrimJS/napi/quickjs (2.11.1-rc.5):
    - PrimJS/napi/core
    - PrimJS/quickjs
  - PrimJS/quickjs (2.11.1-rc.5):
    - PrimJS/log
  - SDWebImage (5.15.5):
    - SDWebImage/Core (= 5.15.5)
  - SDWebImage/Core (5.15.5)
  - SDWebImageWebPCoder (0.11.0):
    - libwebp (~> 1.0)
    - SDWebImage/Core (~> 5.15)

DEPENDENCIES:
  - Lynx/Framework (= 3.2.0-rc.1)
  - LynxService/Http (= 3.2.0-rc.1)
  - LynxService/Image (= 3.2.0-rc.1)
  - LynxService/Log (= 3.2.0-rc.1)
  - PrimJS/napi (= 2.11.1-rc.5)
  - PrimJS/quickjs (= 2.11.1-rc.5)
  - SDWebImage (= 5.15.5)
  - SDWebImageWebPCoder (= 0.11.0)

SPEC REPOS:
  trunk:
    - libwebp
    - Lynx
    - LynxService
    - PrimJS
    - SDWebImage
    - SDWebImageWebPCoder

SPEC CHECKSUMS:
  libwebp: 02b23773aedb6ff1fd38cec7a77b81414c6842a8
  Lynx: 7e3a242fa74bc0a7e980e50def10af6777a98e69
  LynxService: a7810c934f0a8fbaaf4578a30863141a170309ed
  PrimJS: 972c6a3e90ddb420304ccbe37b1045bc9c8c4aa7
  SDWebImage: fd7e1a22f00303e058058278639bf6196ee431fe
  SDWebImageWebPCoder: 295a6573c512f54ad2dd58098e64e17dcf008499

PODFILE CHECKSUM: d353424708e9514aa60639fad1ffe5b179d03fad

COCOAPODS: 1.16.2
